
Microsoft Visual Studio Solution File, Format Version 12.00
# Visual Studio Version 16
VisualStudioVersion = 16.0.31410.357
MinimumVisualStudioVersion = 10.0.40219.1
Project("{FAE04EC0-301F-11D3-BF4B-00C04F79EFBC}") = "HackerRank-30DaysOfCode", "HackerRank-30DaysOfCode.csproj", "{AD5F1E9C-2EBC-48D5-9328-A3B2ABF246F4}"
EndProject
Global
	GlobalSection(SolutionConfigurationPlatforms) = preSolution
		Debug|Any CPU = Debug|Any CPU
		Release|Any CPU = Release|Any CPU
	EndGlobalSection
	GlobalSection(ProjectConfigurationPlatforms) = postSolution
		{AD5F1E9C-2EBC-48D5-9328-A3B2ABF246F4}.Debug|Any CPU.ActiveCfg = Debug|Any CPU
		{AD5F1E9C-2EBC-48D5-9328-A3B2ABF246F4}.Debug|Any CPU.Build.0 = Debug|Any CPU
		{AD5F1E9C-2EBC-48D5-9328-A3B2ABF246F4}.Release|Any CPU.ActiveCfg = Release|Any CPU
		{AD5F1E9C-2EBC-48D5-9328-A3B2ABF246F4}.Release|Any CPU.Build.0 = Release|Any CPU
	EndGlobalSection
	GlobalSection(SolutionProperties) = preSolution
		HideSolutionNode = FALSE
	EndGlobalSection
	GlobalSection(ExtensibilityGlobals) = postSolution
		SolutionGuid = {C8FB012C-A146-48C6-83F7-7F824C13D096}
	EndGlobalSection
EndGlobal
